// !$*UTF8*$!
{
	archiveVersion = 1;
	classes = {
	};
	objectVersion = 46;
	objects = {

/* Begin PBXBuildFile section */
		3F92B3191C46B8EA0026ADAB /* AppDelegate.swift in Sources */ = {isa = PBXBuildFile; fileRef = 3F92B3181C46B8EA0026ADAB /* AppDelegate.swift */; };
		3F92B31B1C46B8EA0026ADAB /* ViewController.swift in Sources */ = {isa = PBXBuildFile; fileRef = 3F92B31A1C46B8EA0026ADAB /* ViewController.swift */; };
		3F92B31E1C46B8EA0026ADAB /* Main.storyboard in Resources */ = {isa = PBXBuildFile; fileRef = 3F92B31C1C46B8EA0026ADAB /* Main.storyboard */; };
		3F92B3201C46B8EA0026ADAB /* Assets.xcassets in Resources */ = {isa = PBXBuildFile; fileRef = 3F92B31F1C46B8EA0026ADAB /* Assets.xcassets */; };
		3F92B3231C46B8EA0026ADAB /* LaunchScreen.storyboard in Resources */ = {isa = PBXBuildFile; fileRef = 3F92B3211C46B8EA0026ADAB /* LaunchScreen.storyboard */; };
		3F92B32E1C46B8EA0026ADAB /* table_view_practiceTests.swift in Sources */ = {isa = PBXBuildFile; fileRef = 3F92B32D1C46B8EA0026ADAB /* table_view_practiceTests.swift */; };
		3F92B3391C46B8EA0026ADAB /* table_view_practiceUITests.swift in Sources */ = {isa = PBXBuildFile; fileRef = 3F92B3381C46B8EA0026ADAB /* table_view_practiceUITests.swift */; };
/* End PBXBuildFile section */

/* Begin PBXContainerItemProxy section */
		3F92B32A1C46B8EA0026ADAB /* PBXContainerItemProxy */ = {
			isa = PBXContainerItemProxy;
			containerPortal = 3F92B30D1C46B8E90026ADAB /* Project object */;
			proxyType = 1;
			remoteGlobalIDString = 3F92B3141C46B8EA0026ADAB;
			remoteInfo = "table view practice";
		};
		3F92B3351C46B8EA0026ADAB /* PBXContainerItemProxy */ = {
			isa = PBXContainerItemProxy;
			containerPortal = 3F92B30D1C46B8E90026ADAB /* Project object */;
			proxyType = 1;
			remoteGlobalIDString = 3F92B3141C46B8EA0026ADAB;
			remoteInfo = "table view practice";
		};
/* End PBXContainerItemProxy section */

/* Begin PBXFileReference section */
		3F92B3151C46B8EA0026ADAB /* table view practice.app */ = {isa = PBXFileReference; explicitFileType = wrapper.application; includeInIndex = 0; path = "table view practice.app"; sourceTree = BUILT_PRODUCTS_DIR; };
		3F92B3181C46B8EA0026ADAB /* AppDelegate.swift */ = {isa = PBXFileReference; lastKnownFileType = sourcecode.swift; path = AppDelegate.swift; sourceTree = "<group>"; };
		3F92B31A1C46B8EA0026ADAB /* ViewController.swift */ = {isa = PBXFileReference; lastKnownFileType = sourcecode.swift; path = ViewController.swift; sourceTree = "<group>"; };
		3F92B31D1C46B8EA0026ADAB /* Base */ = {isa = PBXFileReference; lastKnownFileType = file.storyboard; name = Base; path = Base.lproj/Main.storyboard; sourceTree = "<group>"; };
		3F92B31F1C46B8EA0026ADAB /* Assets.xcassets */ = {isa = PBXFileReference; lastKnownFileType = folder.assetcatalog; path = Assets.xcassets; sourceTree = "<group>"; };
		3F92B3221C46B8EA0026ADAB /* Base */ = {isa = PBXFileReference; lastKnownFileType = file.storyboard; name = Base; path = Base.lproj/LaunchScreen.storyboard; sourceTree = "<group>"; };
		3F92B3241C46B8EA0026ADAB /* Info.plist */ = {isa = PBXFileReference; lastKnownFileType = text.plist.xml; path = Info.plist; sourceTree = "<group>"; };
		3F92B3291C46B8EA0026ADAB /* table view practiceTests.xctest */ = {isa = PBXFileReference; explicitFileType = wrapper.cfbundle; includeInIndex = 0; path = "table view practiceTests.xctest"; sourceTree = BUILT_PRODUCTS_DIR; };
		3F92B32D1C46B8EA0026ADAB /* table_view_practiceTests.swift */ = {isa = PBXFileReference; lastKnownFileType = sourcecode.swift; path = table_view_practiceTests.swift; sourceTree = "<group>"; };
		3F92B32F1C46B8EA0026ADAB /* Info.plist */ = {isa = PBXFileReference; lastKnownFileType = text.plist.xml; path = Info.plist; sourceTree = "<group>"; };
		3F92B3341C46B8EA0026ADAB /* table view practiceUITests.xctest */ = {isa = PBXFileReference; explicitFileType = wrapper.cfbundle; includeInIndex = 0; path = "table view practiceUITests.xctest"; sourceTree = BUILT_PRODUCTS_DIR; };
		3F92B3381C46B8EA0026ADAB /* table_view_practiceUITests.swift */ = {isa = PBXFileReference; lastKnownFileType = sourcecode.swift; path = table_view_practiceUITests.swift; sourceTree = "<group>"; };
		3F92B33A1C46B8EA0026ADAB /* Info.plist */ = {isa = PBXFileReference; lastKnownFileType = text.plist.xml; path = Info.plist; sourceTree = "<group>"; };
/* End PBXFileReference section */

/* Begin PBXFrameworksBuildPhase section */
		3F92B3121C46B8EA0026ADAB /* Frameworks */ = {
			isa = PBXFrameworksBuildPhase;
			buildActionMask = 2147483647;
			files = (
			);
			runOnlyForDeploymentPostprocessing = 0;
		};
		3F92B3261C46B8EA0026ADAB /* Frameworks */ = {
			isa = PBXFrameworksBuildPhase;
			buildActionMask = 2147483647;
			files = (
			);
			runOnlyForDeploymentPostprocessing = 0;
		};
		3F92B3311C46B8EA0026ADAB /* Frameworks */ = {
			isa = PBXFrameworksBuildPhase;
			buildActionMask = 2147483647;
			files = (
			);
			runOnlyForDeploymentPostprocessing = 0;
		};
/* End PBXFrameworksBuildPhase section */

/* Begin PBXGroup section */
		3F92B30C1C46B8E90026ADAB = {
			isa = PBXGroup;
			children = (
				3F92B3171C46B8EA0026ADAB /* table view practice */,
				3F92B32C1C46B8EA0026ADAB /* table view practiceTests */,
				3F92B3371C46B8EA0026ADAB /* table view practiceUITests */,
				3F92B3161C46B8EA0026ADAB /* Products */,
			);
			sourceTree = "<group>";
		};
		3F92B3161C46B8EA0026ADAB /* Products */ = {
			isa = PBXGroup;
			children = (
				3F92B3151C46B8EA0026ADAB /* table view practice.app */,
				3F92B3291C46B8EA0026ADAB /* table view practiceTests.xctest */,
				3F92B3341C46B8EA0026ADAB /* table view practiceUITests.xctest */,
			);
			name = Products;
			sourceTree = "<group>";
		};
		3F92B3171C46B8EA0026ADAB /* table view practice */ = {
			isa = PBXGroup;
			children = (
				3F92B3181C46B8EA0026ADAB /* AppDelegate.swift */,
				3F92B31A1C46B8EA0026ADAB /* ViewController.swift */,
				3F92B31C1C46B8EA0026ADAB /* Main.storyboard */,
				3F92B31F1C46B8EA0026ADAB /* Assets.xcassets */,
				3F92B3211C46B8EA0026ADAB /* LaunchScreen.storyboard */,
				3F92B3241C46B8EA0026ADAB /* Info.plist */,
			);
			path = "table view practice";
			sourceTree = "<group>";
		};
		3F92B32C1C46B8EA0026ADAB /* table view practiceTests */ = {
			isa = PBXGroup;
			children = (
				3F92B32D1C46B8EA0026ADAB /* table_view_practiceTests.swift */,
				3F92B32F1C46B8EA0026ADAB /* Info.plist */,
			);
			path = "table view practiceTests";
			sourceTree = "<group>";
		};
		3F92B3371C46B8EA0026ADAB /* table view practiceUITests */ = {
			isa = PBXGroup;
			children = (
				3F92B3381C46B8EA0026ADAB /* table_view_practiceUITests.swift */,
				3F92B33A1C46B8EA0026ADAB /* Info.plist */,
			);
			path = "table view practiceUITests";
			sourceTree = "<group>";
		};
/* End PBXGroup section */

/* Begin PBXNativeTarget section */
		3F92B3141C46B8EA0026ADAB /* table view practice */ = {
			isa = PBXNativeTarget;
			buildConfigurationList = 3F92B33D1C46B8EA0026ADAB /* Build configuration list for PBXNativeTarget "table view practice" */;
			buildPhases = (
				3F92B3111C46B8EA0026ADAB /* Sources */,
				3F92B3121C46B8EA0026ADAB /* Frameworks */,
				3F92B3131C46B8EA0026ADAB /* Resources */,
			);
			buildRules = (
			);
			dependencies = (
			);
			name = "table view practice";
			productName = "table view practice";
			productReference = 3F92B3151C46B8EA0026ADAB /* table view practice.app */;
			productType = "com.apple.product-type.application";
		};
		3F92B3281C46B8EA0026ADAB /* table view practiceTests */ = {
			isa = PBXNativeTarget;
			buildConfigurationList = 3F92B3401C46B8EA0026ADAB /* Build configuration list for PBXNativeTarget "table view practiceTests" */;
			buildPhases = (
				3F92B3251C46B8EA0026ADAB /* Sources */,
				3F92B3261C46B8EA0026ADAB /* Frameworks */,
				3F92B3271C46B8EA0026ADAB /* Resources */,
			);
			buildRules = (
			);
			dependencies = (
				3F92B32B1C46B8EA0026ADAB /* PBXTargetDependency */,
			);
			name = "table view practiceTests";
			productName = "table view practiceTests";
			productReference = 3F92B3291C46B8EA0026ADAB /* table view practiceTests.xctest */;
			productType = "com.apple.product-type.bundle.unit-test";
		};
		3F92B3331C46B8EA0026ADAB /* table view practiceUITests */ = {
			isa = PBXNativeTarget;
			buildConfigurationList = 3F92B3431C46B8EA0026ADAB /* Build configuration list for PBXNativeTarget "table view practiceUITests" */;
			buildPhases = (
				3F92B3301C46B8EA0026ADAB /* Sources */,
				3F92B3311C46B8EA0026ADAB /* Frameworks */,
				3F92B3321C46B8EA0026ADAB /* Resources */,
			);
			buildRules = (
			);
			dependencies = (
				3F92B3361C46B8EA0026ADAB /* PBXTargetDependency */,
			);
			name = "table view practiceUITests";
			productName = "table view practiceUITests";
			productReference = 3F92B3341C46B8EA0026ADAB /* table view practiceUITests.xctest */;
			productType = "com.apple.product-type.bundle.ui-testing";
		};
/* End PBXNativeTarget section */

/* Begin PBXProject section */
		3F92B30D1C46B8E90026ADAB /* Project object */ = {
			isa = PBXProject;
			attributes = {
				LastSwiftUpdateCheck = 0720;
				LastUpgradeCheck = 0720;
				ORGANIZATIONNAME = kportillo;
				TargetAttributes = {
					3F92B3141C46B8EA0026ADAB = {
						CreatedOnToolsVersion = 7.2;
					};
					3F92B3281C46B8EA0026ADAB = {
						CreatedOnToolsVersion = 7.2;
						TestTargetID = 3F92B3141C46B8EA0026ADAB;
					};
					3F92B3331C46B8EA0026ADAB = {
						CreatedOnToolsVersion = 7.2;
						TestTargetID = 3F92B3141C46B8EA0026ADAB;
					};
				};
			};
			buildConfigurationList = 3F92B3101C46B8E90026ADAB /* Build configuration list for PBXProject "table view practice" */;
			compatibilityVersion = "Xcode 3.2";
			developmentRegion = English;
			hasScannedForEncodings = 0;
			knownRegions = (
				en,
				Base,
			);
			mainGroup = 3F92B30C1C46B8E90026ADAB;
			productRefGroup = 3F92B3161C46B8EA0026ADAB /* Products */;
			projectDirPath = "";
			projectRoot = "";
			targets = (
				3F92B3141C46B8EA0026ADAB /* table view practice */,
				3F92B3281C46B8EA0026ADAB /* table view practiceTests */,
				3F92B3331C46B8EA0026ADAB /* table view practiceUITests */,
			);
		};
/* End PBXProject section */

/* Begin PBXResourcesBuildPhase section */
		3F92B3131C46B8EA0026ADAB /* Resources */ = {
			isa = PBXResourcesBuildPhase;
			buildActionMask = 2147483647;
			files = (
				3F92B3231C46B8EA0026ADAB /* LaunchScreen.storyboard in Resources */,
				3F92B3201C46B8EA0026ADAB /* Assets.xcassets in Resources */,
				3F92B31E1C46B8EA0026ADAB /* Main.storyboard in Resources */,
			);
			runOnlyForDeploymentPostprocessing = 0;
		};
		3F92B3271C46B8EA0026ADAB /* Resources */ = {
			isa = PBXResourcesBuildPhase;
			buildActionMask = 2147483647;
			files = (
			);
			runOnlyForDeploymentPostprocessing = 0;
		};
		3F92B3321C46B8EA0026ADAB /* Resources */ = {
			isa = PBXResourcesBuildPhase;
			buildActionMask = 2147483647;
			files = (
			);
			runOnlyForDeploymentPostprocessing = 0;
		};
/* End PBXResourcesBuildPhase section */

/* Begin PBXSourcesBuildPhase section */
		3F92B3111C46B8EA0026ADAB /* Sources */ = {
			isa = PBXSourcesBuildPhase;
			buildActionMask = 2147483647;
			files = (
				3F92B31B1C46B8EA0026ADAB /* ViewController.swift in Sources */,
				3F92B3191C46B8EA0026ADAB /* AppDelegate.swift in Sources */,
			);
			runOnlyForDeploymentPostprocessing = 0;
		};
		3F92B3251C46B8EA0026ADAB /* Sources */ = {
			isa = PBXSourcesBuildPhase;
			buildActionMask = 2147483647;
			files = (
				3F92B32E1C46B8EA0026ADAB /* table_view_practiceTests.swift in Sources */,
			);
			runOnlyForDeploymentPostprocessing = 0;
		};
		3F92B3301C46B8EA0026ADAB /* Sources */ = {
			isa = PBXSourcesBuildPhase;
			buildActionMask = 2147483647;
			files = (
				3F92B3391C46B8EA0026ADAB /* table_view_practiceUITests.swift in Sources */,
			);
			runOnlyForDeploymentPostprocessing = 0;
		};
/* End PBXSourcesBuildPhase section */

/* Begin PBXTargetDependency section */
		3F92B32B1C46B8EA0026ADAB /* PBXTargetDependency */ = {
			isa = PBXTargetDependency;
			target = 3F92B3141C46B8EA0026ADAB /* table view practice */;
			targetProxy = 3F92B32A1C46B8EA0026ADAB /* PBXContainerItemProxy */;
		};
		3F92B3361C46B8EA0026ADAB /* PBXTargetDependency */ = {
			isa = PBXTargetDependency;
			target = 3F92B3141C46B8EA0026ADAB /* table view practice */;
			targetProxy = 3F92B3351C46B8EA0026ADAB /* PBXContainerItemProxy */;
		};
/* End PBXTargetDependency section */

/* Begin PBXVariantGroup section */
		3F92B31C1C46B8EA0026ADAB /* Main.storyboard */ = {
			isa = PBXVariantGroup;
			children = (
				3F92B31D1C46B8EA0026ADAB /* Base */,
			);
			name = Main.storyboard;
			sourceTree = "<group>";
		};
		3F92B3211C46B8EA0026ADAB /* LaunchScreen.storyboard */ = {
			isa = PBXVariantGroup;
			children = (
				3F92B3221C46B8EA0026ADAB /* Base */,
			);
			name = LaunchScreen.storyboard;
			sourceTree = "<group>";
		};
/* End PBXVariantGroup section */

/* Begin XCBuildConfiguration section */
		3F92B33B1C46B8EA0026ADAB /* Debug */ = {
			isa = XCBuildConfiguration;
			buildSettings = {
				ALWAYS_SEARCH_USER_PATHS = NO;
				CLANG_CXX_LANGUAGE_STANDARD = "gnu++0x";
				CLANG_CXX_LIBRARY = "libc++";
				CLANG_ENABLE_MODULES = YES;
				CLANG_ENABLE_OBJC_ARC = YES;
				CLANG_WARN_BOOL_CONVERSION = YES;
				CLANG_WARN_CONSTANT_CONVERSION = YES;
				CLANG_WARN_DIRECT_OBJC_ISA_USAGE = YES_ERROR;
				CLANG_WARN_EMPTY_BODY = YES;
				CLANG_WARN_ENUM_CONVERSION = YES;
				CLANG_WARN_INT_CONVERSION = YES;
				CLANG_WARN_OBJC_ROOT_CLASS = YES_ERROR;
				CLANG_WARN_UNREACHABLE_CODE = YES;
				CLANG_WARN__DUPLICATE_METHOD_MATCH = YES;
				"CODE_SIGN_IDENTITY[sdk=iphoneos*]" = "iPhone Developer";
				COPY_PHASE_STRIP = NO;
				DEBUG_INFORMATION_FORMAT = dwarf;
				ENABLE_STRICT_OBJC_MSGSEND = YES;
				ENABLE_TESTABILITY = YES;
				GCC_C_LANGUAGE_STANDARD = gnu99;
				GCC_DYNAMIC_NO_PIC = NO;
				GCC_NO_COMMON_BLOCKS = YES;
				GCC_OPTIMIZATION_LEVEL = 0;
				GCC_PREPROCESSOR_DEFINITIONS = (
					"DEBUG=1",
					"$(inherited)",
				);
				GCC_WARN_64_TO_32_BIT_CONVERSION = YES;
				GCC_WARN_ABOUT_RETURN_TYPE = YES_ERROR;
				GCC_WARN_UNDECLARED_SELECTOR = YES;
				GCC_WARN_UNINITIALIZED_AUTOS = YES_AGGRESSIVE;
				GCC_WARN_UNUSED_FUNCTION = YES;
				GCC_WARN_UNUSED_VARIABLE = YES;
				IPHONEOS_DEPLOYMENT_TARGET = 9.2;
				MTL_ENABLE_DEBUG_INFO = YES;
				ONLY_ACTIVE_ARCH = YES;
				SDKROOT = iphoneos;
				SWIFT_OPTIMIZATION_LEVEL = "-Onone";
				TARGETED_DEVICE_FAMILY = "1,2";
			};
			name = Debug;
		};
		3F92B33C1C46B8EA0026ADAB /* Release */ = {
			isa = XCBuildConfiguration;
			buildSettings = {
				ALWAYS_SEARCH_USER_PATHS = NO;
				CLANG_CXX_LANGUAGE_STANDARD = "gnu++0x";
				CLANG_CXX_LIBRARY = "libc++";
				CLANG_ENABLE_MODULES = YES;
				CLANG_ENABLE_OBJC_ARC = YES;
				CLANG_WARN_BOOL_CONVERSION = YES;
				CLANG_WARN_CONSTANT_CONVERSION = YES;
				CLANG_WARN_DIRECT_OBJC_ISA_USAGE = YES_ERROR;
				CLANG_WARN_EMPTY_BODY = YES;
				CLANG_WARN_ENUM_CONVERSION = YES;
				CLANG_WARN_INT_CONVERSION = YES;
				CLANG_WARN_OBJC_ROOT_CLASS = YES_ERROR;
				CLANG_WARN_UNREACHABLE_CODE = YES;
				CLANG_WARN__DUPLICATE_METHOD_MATCH = YES;
				"CODE_SIGN_IDENTITY[sdk=iphoneos*]" = "iPhone Developer";
				COPY_PHASE_STRIP = NO;
				DEBUG_INFORMATION_FORMAT = "dwarf-with-dsym";
				ENABLE_NS_ASSERTIONS = NO;
				ENABLE_STRICT_OBJC_MSGSEND = YES;
				GCC_C_LANGUAGE_STANDARD = gnu99;
				GCC_NO_COMMON_BLOCKS = YES;
				GCC_WARN_64_TO_32_BIT_CONVERSION = YES;
				GCC_WARN_ABOUT_RETURN_TYPE = YES_ERROR;
				GCC_WARN_UNDECLARED_SELECTOR = YES;
				GCC_WARN_UNINITIALIZED_AUTOS = YES_AGGRESSIVE;
				GCC_WARN_UNUSED_FUNCTION = YES;
				GCC_WARN_UNUSED_VARIABLE = YES;
				IPHONEOS_DEPLOYMENT_TARGET = 9.2;
				MTL_ENABLE_DEBUG_INFO = NO;
				SDKROOT = iphoneos;
				TARGETED_DEVICE_FAMILY = "1,2";
				VALIDATE_PRODUCT = YES;
			};
			name = Release;
		};
		3F92B33E1C46B8EA0026ADAB /* Debug */ = {
			isa = XCBuildConfiguration;
			buildSettings = {
				ASSETCATALOG_COMPILER_APPICON_NAME = AppIcon;
				INFOPLIST_FILE = "table view practice/Info.plist";
				LD_RUNPATH_SEARCH_PATHS = "$(inherited) @executable_path/Frameworks";
				PRODUCT_BUNDLE_IDENTIFIER = "KP.table-view-practice";
				PRODUCT_NAME = "$(TARGET_NAME)";
			};
			name = Debug;
		};
		3F92B33F1C46B8EA0026ADAB /* Release */ = {
			isa = XCBuildConfiguration;
			buildSettings = {
				ASSETCATALOG_COMPILER_APPICON_NAME = AppIcon;
				INFOPLIST_FILE = "table view practice/Info.plist";
				LD_RUNPATH_SEARCH_PATHS = "$(inherited) @executable_path/Frameworks";
				PRODUCT_BUNDLE_IDENTIFIER = "KP.table-view-practice";
				PRODUCT_NAME = "$(TARGET_NAME)";
			};
			name = Release;
		};
		3F92B3411C46B8EA0026ADAB /* Debug */ = {
			isa = XCBuildConfiguration;
			buildSettings = {
				BUNDLE_LOADER = "$(TEST_HOST)";
				INFOPLIST_FILE = "table view practiceTests/Info.plist";
				LD_RUNPATH_SEARCH_PATHS = "$(inherited) @executable_path/Frameworks @loader_path/Frameworks";
				PRODUCT_BUNDLE_IDENTIFIER = "KP.table-view-practiceTests";
				PRODUCT_NAME = "$(TARGET_NAME)";
				TEST_HOST = "$(BUILT_PRODUCTS_DIR)/table view practice.app/table view practice";
			};
			name = Debug;
		};
		3F92B3421C46B8EA0026ADAB /* Release */ = {
			isa = XCBuildConfiguration;
			buildSettings = {
				BUNDLE_LOADER = "$(TEST_HOST)";
				INFOPLIST_FILE = "table view practiceTests/Info.plist";
				LD_RUNPATH_SEARCH_PATHS = "$(inherited) @executable_path/Frameworks @loader_path/Frameworks";
				PRODUCT_BUNDLE_IDENTIFIER = "KP.table-view-practiceTests";
				PRODUCT_NAME = "$(TARGET_NAME)";
				TEST_HOST = "$(BUILT_PRODUCTS_DIR)/table view practice.app/table view practice";
			};
			name = Release;
		};
		3F92B3441C46B8EA0026ADAB /* Debug */ = {
			isa = XCBuildConfiguration;
			buildSettings = {
				INFOPLIST_FILE = "table view practiceUITests/Info.plist";
				LD_RUNPATH_SEARCH_PATHS = "$(inherited) @executable_path/Frameworks @loader_path/Frameworks";
				PRODUCT_BUNDLE_IDENTIFIER = "KP.table-view-practiceUITests";
				PRODUCT_NAME = "$(TARGET_NAME)";
				TEST_TARGET_NAME = "table view practice";
				USES_XCTRUNNER = YES;
			};
			name = Debug;
		};
		3F92B3451C46B8EA0026ADAB /* Release */ = {
			isa = XCBuildConfiguration;
			buildSettings = {
				INFOPLIST_FILE = "table view practiceUITests/Info.plist";
				LD_RUNPATH_SEARCH_PATHS = "$(inherited) @executable_path/Frameworks @loader_path/Frameworks";
				PRODUCT_BUNDLE_IDENTIFIER = "KP.table-view-practiceUITests";
				PRODUCT_NAME = "$(TARGET_NAME)";
				TEST_TARGET_NAME = "table view practice";
				USES_XCTRUNNER = YES;
			};
			name = Release;
		};
/* End XCBuildConfiguration section */

/* Begin XCConfigurationList section */
		3F92B3101C46B8E90026ADAB /* Build configuration list for PBXProject "table view practice" */ = {
			isa = XCConfigurationList;
			buildConfigurations = (
				3F92B33B1C46B8EA0026ADAB /* Debug */,
				3F92B33C1C46B8EA0026ADAB /* Release */,
			);
			defaultConfigurationIsVisible = 0;
			defaultConfigurationName = Release;
		};
		3F92B33D1C46B8EA0026ADAB /* Build configuration list for PBXNativeTarget "table view practice" */ = {
			isa = XCConfigurationList;
			buildConfigurations = (
				3F92B33E1C46B8EA0026ADAB /* Debug */,
				3F92B33F1C46B8EA0026ADAB /* Release */,
			);
			defaultConfigurationIsVisible = 0;
		};
		3F92B3401C46B8EA0026ADAB /* Build configuration list for PBXNativeTarget "table view practiceTests" */ = {
			isa = XCConfigurationList;
			buildConfigurations = (
				3F92B3411C46B8EA0026ADAB /* Debug */,
				3F92B3421C46B8EA0026ADAB /* Release */,
			);
			defaultConfigurationIsVisible = 0;
		};
		3F92B3431C46B8EA0026ADAB /* Build configuration list for PBXNativeTarget "table view practiceUITests" */ = {
			isa = XCConfigurationList;
			buildConfigurations = (
				3F92B3441C46B8EA0026ADAB /* Debug */,
				3F92B3451C46B8EA0026ADAB /* Release */,
			);
			defaultConfigurationIsVisible = 0;
		};
/* End XCConfigurationList section */
	};
	rootObject = 3F92B30D1C46B8E90026ADAB /* Project object */;
}
